
Microsoft Visual Studio Solution File, Format Version 12.00
# Visual Studio Version 17
VisualStudioVersion = 17.10.35004.147
MinimumVisualStudioVersion = 10.0.40219.1
Project("{FAE04EC0-301F-11D3-BF4B-00C04F79EFBC}") = "ProgettoBackendU2W3", "ProgettoBackendU2W3\ProgettoBackendU2W3.csproj", "{F6A46333-39D6-42E4-A20C-001369FE4F6E}"
EndProject
Global
	GlobalSection(SolutionConfigurationPlatforms) = preSolution
		Debug|Any CPU = Debug|Any CPU
		Release|Any CPU = Release|Any CPU
	EndGlobalSection
	GlobalSection(ProjectConfigurationPlatforms) = postSolution
		{F6A46333-39D6-42E4-A20C-001369FE4F6E}.Debug|Any CPU.ActiveCfg = Debug|Any CPU
		{F6A46333-39D6-42E4-A20C-001369FE4F6E}.Debug|Any CPU.Build.0 = Debug|Any CPU
		{F6A46333-39D6-42E4-A20C-001369FE4F6E}.Release|Any CPU.ActiveCfg = Release|Any CPU
		{F6A46333-39D6-42E4-A20C-001369FE4F6E}.Release|Any CPU.Build.0 = Release|Any CPU
	EndGlobalSection
	GlobalSection(SolutionProperties) = preSolution
		HideSolutionNode = FALSE
	EndGlobalSection
	GlobalSection(ExtensibilityGlobals) = postSolution
		SolutionGuid = {EAB456A1-2757-4249-A763-3E646E4BC7A9}
	EndGlobalSection
EndGlobal
